// !$*UTF8*$!
{
	archiveVersion = 1;
	classes = {
	};
	objectVersion = 46;
	objects = {

/* Begin PBXBuildFile section */
		474DDFF31A7D9A5D001E49BA /* AppDelegate.swift in Sources */ = {isa = PBXBuildFile; fileRef = 474DDFF21A7D9A5D001E49BA /* AppDelegate.swift */; };
		474DDFF51A7D9A5D001E49BA /* ViewController.swift in Sources */ = {isa = PBXBuildFile; fileRef = 474DDFF41A7D9A5D001E49BA /* ViewController.swift */; };
		474DDFF81A7D9A5D001E49BA /* Main.storyboard in Resources */ = {isa = PBXBuildFile; fileRef = 474DDFF61A7D9A5D001E49BA /* Main.storyboard */; };
		474DDFFA1A7D9A5D001E49BA /* Images.xcassets in Resources */ = {isa = PBXBuildFile; fileRef = 474DDFF91A7D9A5D001E49BA /* Images.xcassets */; };
		474DDFFD1A7D9A5D001E49BA /* LaunchScreen.xib in Resources */ = {isa = PBXBuildFile; fileRef = 474DDFFB1A7D9A5D001E49BA /* LaunchScreen.xib */; };
		474DE0091A7D9A5D001E49BA /* tipsTests.swift in Sources */ = {isa = PBXBuildFile; fileRef = 474DE0081A7D9A5D001E49BA /* tipsTests.swift */; };
		474DE0131A7DABCA001E49BA /* SettingsViewController.swift in Sources */ = {isa = PBXBuildFile; fileRef = 474DE0121A7DABCA001E49BA /* SettingsViewController.swift */; };
		474DE0151A7DB707001E49BA /* Settings.swift in Sources */ = {isa = PBXBuildFile; fileRef = 474DE0141A7DB707001E49BA /* Settings.swift */; };
/* End PBXBuildFile section */

/* Begin PBXContainerItemProxy section */
		474DE0031A7D9A5D001E49BA /* PBXContainerItemProxy */ = {
			isa = PBXContainerItemProxy;
			containerPortal = 474DDFE51A7D9A5D001E49BA /* Project object */;
			proxyType = 1;
			remoteGlobalIDString = 474DDFEC1A7D9A5D001E49BA;
			remoteInfo = tips;
		};
/* End PBXContainerItemProxy section */

/* Begin PBXFileReference section */
		474DDFED1A7D9A5D001E49BA /* tips.app */ = {isa = PBXFileReference; explicitFileType = wrapper.application; includeInIndex = 0; path = tips.app; sourceTree = BUILT_PRODUCTS_DIR; };
		474DDFF11A7D9A5D001E49BA /* Info.plist */ = {isa = PBXFileReference; lastKnownFileType = text.plist.xml; path = Info.plist; sourceTree = "<group>"; };
		474DDFF21A7D9A5D001E49BA /* AppDelegate.swift */ = {isa = PBXFileReference; lastKnownFileType = sourcecode.swift; path = AppDelegate.swift; sourceTree = "<group>"; };
		474DDFF41A7D9A5D001E49BA /* ViewController.swift */ = {isa = PBXFileReference; lastKnownFileType = sourcecode.swift; path = ViewController.swift; sourceTree = "<group>"; };
		474DDFF71A7D9A5D001E49BA /* Base */ = {isa = PBXFileReference; lastKnownFileType = file.storyboard; name = Base; path = Base.lproj/Main.storyboard; sourceTree = "<group>"; };
		474DDFF91A7D9A5D001E49BA /* Images.xcassets */ = {isa = PBXFileReference; lastKnownFileType = folder.assetcatalog; path = Images.xcassets; sourceTree = "<group>"; };
		474DDFFC1A7D9A5D001E49BA /* Base */ = {isa = PBXFileReference; lastKnownFileType = file.xib; name = Base; path = Base.lproj/LaunchScreen.xib; sourceTree = "<group>"; };
		474DE0021A7D9A5D001E49BA /* tipsTests.xctest */ = {isa = PBXFileReference; explicitFileType = wrapper.cfbundle; includeInIndex = 0; path = tipsTests.xctest; sourceTree = BUILT_PRODUCTS_DIR; };
		474DE0071A7D9A5D001E49BA /* Info.plist */ = {isa = PBXFileReference; lastKnownFileType = text.plist.xml; path = Info.plist; sourceTree = "<group>"; };
		474DE0081A7D9A5D001E49BA /* tipsTests.swift */ = {isa = PBXFileReference; lastKnownFileType = sourcecode.swift; path = tipsTests.swift; sourceTree = "<group>"; };
		474DE0121A7DABCA001E49BA /* SettingsViewController.swift */ = {isa = PBXFileReference; fileEncoding = 4; lastKnownFileType = sourcecode.swift; path = SettingsViewController.swift; sourceTree = "<group>"; };
		474DE0141A7DB707001E49BA /* Settings.swift */ = {isa = PBXFileReference; fileEncoding = 4; lastKnownFileType = sourcecode.swift; path = Settings.swift; sourceTree = "<group>"; };
/* End PBXFileReference section */

/* Begin PBXFrameworksBuildPhase section */
		474DDFEA1A7D9A5D001E49BA /* Frameworks */ = {
			isa = PBXFrameworksBuildPhase;
			buildActionMask = 2147483647;
			files = (
			);
			runOnlyForDeploymentPostprocessing = 0;
		};
		474DDFFF1A7D9A5D001E49BA /* Frameworks */ = {
			isa = PBXFrameworksBuildPhase;
			buildActionMask = 2147483647;
			files = (
			);
			runOnlyForDeploymentPostprocessing = 0;
		};
/* End PBXFrameworksBuildPhase section */

/* Begin PBXGroup section */
		474DDFE41A7D9A5D001E49BA = {
			isa = PBXGroup;
			children = (
				474DE0141A7DB707001E49BA /* Settings.swift */,
				474DDFEF1A7D9A5D001E49BA /* tips */,
				474DE0051A7D9A5D001E49BA /* tipsTests */,
				474DDFEE1A7D9A5D001E49BA /* Products */,
			);
			sourceTree = "<group>";
		};
		474DDFEE1A7D9A5D001E49BA /* Products */ = {
			isa = PBXGroup;
			children = (
				474DDFED1A7D9A5D001E49BA /* tips.app */,
				474DE0021A7D9A5D001E49BA /* tipsTests.xctest */,
			);
			name = Products;
			sourceTree = "<group>";
		};
		474DDFEF1A7D9A5D001E49BA /* tips */ = {
			isa = PBXGroup;
			children = (
				474DDFF21A7D9A5D001E49BA /* AppDelegate.swift */,
				474DDFF41A7D9A5D001E49BA /* ViewController.swift */,
				474DDFF61A7D9A5D001E49BA /* Main.storyboard */,
				474DDFF91A7D9A5D001E49BA /* Images.xcassets */,
				474DDFFB1A7D9A5D001E49BA /* LaunchScreen.xib */,
				474DDFF01A7D9A5D001E49BA /* Supporting Files */,
				474DE0121A7DABCA001E49BA /* SettingsViewController.swift */,
			);
			path = tips;
			sourceTree = "<group>";
		};
		474DDFF01A7D9A5D001E49BA /* Supporting Files */ = {
			isa = PBXGroup;
			children = (
				474DDFF11A7D9A5D001E49BA /* Info.plist */,
			);
			name = "Supporting Files";
			sourceTree = "<group>";
		};
		474DE0051A7D9A5D001E49BA /* tipsTests */ = {
			isa = PBXGroup;
			children = (
				474DE0081A7D9A5D001E49BA /* tipsTests.swift */,
				474DE0061A7D9A5D001E49BA /* Supporting Files */,
			);
			path = tipsTests;
			sourceTree = "<group>";
		};
		474DE0061A7D9A5D001E49BA /* Supporting Files */ = {
			isa = PBXGroup;
			children = (
				474DE0071A7D9A5D001E49BA /* Info.plist */,
			);
			name = "Supporting Files";
			sourceTree = "<group>";
		};
/* End PBXGroup section */

/* Begin PBXNativeTarget section */
		474DDFEC1A7D9A5D001E49BA /* tips */ = {
			isa = PBXNativeTarget;
			buildConfigurationList = 474DE00C1A7D9A5D001E49BA /* Build configuration list for PBXNativeTarget "tips" */;
			buildPhases = (
				474DDFE91A7D9A5D001E49BA /* Sources */,
				474DDFEA1A7D9A5D001E49BA /* Frameworks */,
				474DDFEB1A7D9A5D001E49BA /* Resources */,
			);
			buildRules = (
			);
			dependencies = (
			);
			name = tips;
			productName = tips;
			productReference = 474DDFED1A7D9A5D001E49BA /* tips.app */;
			productType = "com.apple.product-type.application";
		};
		474DE0011A7D9A5D001E49BA /* tipsTests */ = {
			isa = PBXNativeTarget;
			buildConfigurationList = 474DE00F1A7D9A5D001E49BA /* Build configuration list for PBXNativeTarget "tipsTests" */;
			buildPhases = (
				474DDFFE1A7D9A5D001E49BA /* Sources */,
				474DDFFF1A7D9A5D001E49BA /* Frameworks */,
				474DE0001A7D9A5D001E49BA /* Resources */,
			);
			buildRules = (
			);
			dependencies = (
				474DE0041A7D9A5D001E49BA /* PBXTargetDependency */,
			);
			name = tipsTests;
			productName = tipsTests;
			productReference = 474DE0021A7D9A5D001E49BA /* tipsTests.xctest */;
			productType = "com.apple.product-type.bundle.unit-test";
		};
/* End PBXNativeTarget section */

/* Begin PBXProject section */
		474DDFE51A7D9A5D001E49BA /* Project object */ = {
			isa = PBXProject;
			attributes = {
				LastUpgradeCheck = 0610;
				ORGANIZATIONNAME = "Christopher Kintner";
				TargetAttributes = {
					474DDFEC1A7D9A5D001E49BA = {
						CreatedOnToolsVersion = 6.1.1;
					};
					474DE0011A7D9A5D001E49BA = {
						CreatedOnToolsVersion = 6.1.1;
						TestTargetID = 474DDFEC1A7D9A5D001E49BA;
					};
				};
			};
			buildConfigurationList = 474DDFE81A7D9A5D001E49BA /* Build configuration list for PBXProject "tips" */;
			compatibilityVersion = "Xcode 3.2";
			developmentRegion = English;
			hasScannedForEncodings = 0;
			knownRegions = (
				en,
				Base,
			);
			mainGroup = 474DDFE41A7D9A5D001E49BA;
			productRefGroup = 474DDFEE1A7D9A5D001E49BA /* Products */;
			projectDirPath = "";
			projectRoot = "";
			targets = (
				474DDFEC1A7D9A5D001E49BA /* tips */,
				474DE0011A7D9A5D001E49BA /* tipsTests */,
			);
		};
/* End PBXProject section */

/* Begin PBXResourcesBuildPhase section */
		474DDFEB1A7D9A5D001E49BA /* Resources */ = {
			isa = PBXResourcesBuildPhase;
			buildActionMask = 2147483647;
			files = (
				474DDFF81A7D9A5D001E49BA /* Main.storyboard in Resources */,
				474DDFFD1A7D9A5D001E49BA /* LaunchScreen.xib in Resources */,
				474DDFFA1A7D9A5D001E49BA /* Images.xcassets in Resources */,
			);
			runOnlyForDeploymentPostprocessing = 0;
		};
		474DE0001A7D9A5D001E49BA /* Resources */ = {
			isa = PBXResourcesBuildPhase;
			buildActionMask = 2147483647;
			files = (
			);
			runOnlyForDeploymentPostprocessing = 0;
		};
/* End PBXResourcesBuildPhase section */

/* Begin PBXSourcesBuildPhase section */
		474DDFE91A7D9A5D001E49BA /* Sources */ = {
			isa = PBXSourcesBuildPhase;
			buildActionMask = 2147483647;
			files = (
				474DDFF51A7D9A5D001E49BA /* ViewController.swift in Sources */,
				474DDFF31A7D9A5D001E49BA /* AppDelegate.swift in Sources */,
				474DE0151A7DB707001E49BA /* Settings.swift in Sources */,
				474DE0131A7DABCA001E49BA /* SettingsViewController.swift in Sources */,
			);
			runOnlyForDeploymentPostprocessing = 0;
		};
		474DDFFE1A7D9A5D001E49BA /* Sources */ = {
			isa = PBXSourcesBuildPhase;
			buildActionMask = 2147483647;
			files = (
				474DE0091A7D9A5D001E49BA /* tipsTests.swift in Sources */,
			);
			runOnlyForDeploymentPostprocessing = 0;
		};
/* End PBXSourcesBuildPhase section */

/* Begin PBXTargetDependency section */
		474DE0041A7D9A5D001E49BA /* PBXTargetDependency */ = {
			isa = PBXTargetDependency;
			target = 474DDFEC1A7D9A5D001E49BA /* tips */;
			targetProxy = 474DE0031A7D9A5D001E49BA /* PBXContainerItemProxy */;
		};
/* End PBXTargetDependency section */

/* Begin PBXVariantGroup section */
		474DDFF61A7D9A5D001E49BA /* Main.storyboard */ = {
			isa = PBXVariantGroup;
			children = (
				474DDFF71A7D9A5D001E49BA /* Base */,
			);
			name = Main.storyboard;
			sourceTree = "<group>";
		};
		474DDFFB1A7D9A5D001E49BA /* LaunchScreen.xib */ = {
			isa = PBXVariantGroup;
			children = (
				474DDFFC1A7D9A5D001E49BA /* Base */,
			);
			name = LaunchScreen.xib;
			sourceTree = "<group>";
		};
/* End PBXVariantGroup section */

/* Begin XCBuildConfiguration section */
		474DE00A1A7D9A5D001E49BA /* Debug */ = {
			isa = XCBuildConfiguration;
			buildSettings = {
				ALWAYS_SEARCH_USER_PATHS = NO;
				CLANG_CXX_LANGUAGE_STANDARD = "gnu++0x";
				CLANG_CXX_LIBRARY = "libc++";
				CLANG_ENABLE_MODULES = YES;
				CLANG_ENABLE_OBJC_ARC = YES;
				CLANG_WARN_BOOL_CONVERSION = YES;
				CLANG_WARN_CONSTANT_CONVERSION = YES;
				CLANG_WARN_DIRECT_OBJC_ISA_USAGE = YES_ERROR;
				CLANG_WARN_EMPTY_BODY = YES;
				CLANG_WARN_ENUM_CONVERSION = YES;
				CLANG_WARN_INT_CONVERSION = YES;
				CLANG_WARN_OBJC_ROOT_CLASS = YES_ERROR;
				CLANG_WARN_UNREACHABLE_CODE = YES;
				CLANG_WARN__DUPLICATE_METHOD_MATCH = YES;
				"CODE_SIGN_IDENTITY[sdk=iphoneos*]" = "iPhone Developer";
				COPY_PHASE_STRIP = NO;
				ENABLE_STRICT_OBJC_MSGSEND = YES;
				GCC_C_LANGUAGE_STANDARD = gnu99;
				GCC_DYNAMIC_NO_PIC = NO;
				GCC_OPTIMIZATION_LEVEL = 0;
				GCC_PREPROCESSOR_DEFINITIONS = (
					"DEBUG=1",
					"$(inherited)",
				);
				GCC_SYMBOLS_PRIVATE_EXTERN = NO;
				GCC_WARN_64_TO_32_BIT_CONVERSION = YES;
				GCC_WARN_ABOUT_RETURN_TYPE = YES_ERROR;
				GCC_WARN_UNDECLARED_SELECTOR = YES;
				GCC_WARN_UNINITIALIZED_AUTOS = YES_AGGRESSIVE;
				GCC_WARN_UNUSED_FUNCTION = YES;
				GCC_WARN_UNUSED_VARIABLE = YES;
				IPHONEOS_DEPLOYMENT_TARGET = 8.1;
				MTL_ENABLE_DEBUG_INFO = YES;
				ONLY_ACTIVE_ARCH = YES;
				SDKROOT = iphoneos;
				SWIFT_OPTIMIZATION_LEVEL = "-Onone";
			};
			name = Debug;
		};
		474DE00B1A7D9A5D001E49BA /* Release */ = {
			isa = XCBuildConfiguration;
			buildSettings = {
				ALWAYS_SEARCH_USER_PATHS = NO;
				CLANG_CXX_LANGUAGE_STANDARD = "gnu++0x";
				CLANG_CXX_LIBRARY = "libc++";
				CLANG_ENABLE_MODULES = YES;
				CLANG_ENABLE_OBJC_ARC = YES;
				CLANG_WARN_BOOL_CONVERSION = YES;
				CLANG_WARN_CONSTANT_CONVERSION = YES;
				CLANG_WARN_DIRECT_OBJC_ISA_USAGE = YES_ERROR;
				CLANG_WARN_EMPTY_BODY = YES;
				CLANG_WARN_ENUM_CONVERSION = YES;
				CLANG_WARN_INT_CONVERSION = YES;
				CLANG_WARN_OBJC_ROOT_CLASS = YES_ERROR;
				CLANG_WARN_UNREACHABLE_CODE = YES;
				CLANG_WARN__DUPLICATE_METHOD_MATCH = YES;
				"CODE_SIGN_IDENTITY[sdk=iphoneos*]" = "iPhone Developer";
				COPY_PHASE_STRIP = YES;
				ENABLE_NS_ASSERTIONS = NO;
				ENABLE_STRICT_OBJC_MSGSEND = YES;
				GCC_C_LANGUAGE_STANDARD = gnu99;
				GCC_WARN_64_TO_32_BIT_CONVERSION = YES;
				GCC_WARN_ABOUT_RETURN_TYPE = YES_ERROR;
				GCC_WARN_UNDECLARED_SELECTOR = YES;
				GCC_WARN_UNINITIALIZED_AUTOS = YES_AGGRESSIVE;
				GCC_WARN_UNUSED_FUNCTION = YES;
				GCC_WARN_UNUSED_VARIABLE = YES;
				IPHONEOS_DEPLOYMENT_TARGET = 8.1;
				MTL_ENABLE_DEBUG_INFO = NO;
				SDKROOT = iphoneos;
				VALIDATE_PRODUCT = YES;
			};
			name = Release;
		};
		474DE00D1A7D9A5D001E49BA /* Debug */ = {
			isa = XCBuildConfiguration;
			buildSettings = {
				ASSETCATALOG_COMPILER_APPICON_NAME = AppIcon;
				INFOPLIST_FILE = tips/Info.plist;
				LD_RUNPATH_SEARCH_PATHS = "$(inherited) @executable_path/Frameworks";
				PRODUCT_NAME = "$(TARGET_NAME)";
			};
			name = Debug;
		};
		474DE00E1A7D9A5D001E49BA /* Release */ = {
			isa = XCBuildConfiguration;
			buildSettings = {
				ASSETCATALOG_COMPILER_APPICON_NAME = AppIcon;
				INFOPLIST_FILE = tips/Info.plist;
				LD_RUNPATH_SEARCH_PATHS = "$(inherited) @executable_path/Frameworks";
				PRODUCT_NAME = "$(TARGET_NAME)";
			};
			name = Release;
		};
		474DE0101A7D9A5D001E49BA /* Debug */ = {
			isa = XCBuildConfiguration;
			buildSettings = {
				BUNDLE_LOADER = "$(TEST_HOST)";
				FRAMEWORK_SEARCH_PATHS = (
					"$(SDKROOT)/Developer/Library/Frameworks",
					"$(inherited)",
				);
				GCC_PREPROCESSOR_DEFINITIONS = (
					"DEBUG=1",
					"$(inherited)",
				);
				INFOPLIST_FILE = tipsTests/Info.plist;
				LD_RUNPATH_SEARCH_PATHS = "$(inherited) @executable_path/Frameworks @loader_path/Frameworks";
				PRODUCT_NAME = "$(TARGET_NAME)";
				TEST_HOST = "$(BUILT_PRODUCTS_DIR)/tips.app/tips";
			};
			name = Debug;
		};
		474DE0111A7D9A5D001E49BA /* Release */ = {
			isa = XCBuildConfiguration;
			buildSettings = {
				BUNDLE_LOADER = "$(TEST_HOST)";
				FRAMEWORK_SEARCH_PATHS = (
					"$(SDKROOT)/Developer/Library/Frameworks",
					"$(inherited)",
				);
				INFOPLIST_FILE = tipsTests/Info.plist;
				LD_RUNPATH_SEARCH_PATHS = "$(inherited) @executable_path/Frameworks @loader_path/Frameworks";
				PRODUCT_NAME = "$(TARGET_NAME)";
				TEST_HOST = "$(BUILT_PRODUCTS_DIR)/tips.app/tips";
			};
			name = Release;
		};
/* End XCBuildConfiguration section */

/* Begin XCConfigurationList section */
		474DDFE81A7D9A5D001E49BA /* Build configuration list for PBXProject "tips" */ = {
			isa = XCConfigurationList;
			buildConfigurations = (
				474DE00A1A7D9A5D001E49BA /* Debug */,
				474DE00B1A7D9A5D001E49BA /* Release */,
			);
			defaultConfigurationIsVisible = 0;
			defaultConfigurationName = Release;
		};
		474DE00C1A7D9A5D001E49BA /* Build configuration list for PBXNativeTarget "tips" */ = {
			isa = XCConfigurationList;
			buildConfigurations = (
				474DE00D1A7D9A5D001E49BA /* Debug */,
				474DE00E1A7D9A5D001E49BA /* Release */,
			);
			defaultConfigurationIsVisible = 0;
		};
		474DE00F1A7D9A5D001E49BA /* Build configuration list for PBXNativeTarget "tipsTests" */ = {
			isa = XCConfigurationList;
			buildConfigurations = (
				474DE0101A7D9A5D001E49BA /* Debug */,
				474DE0111A7D9A5D001E49BA /* Release */,
			);
			defaultConfigurationIsVisible = 0;
		};
/* End XCConfigurationList section */
	};
	rootObject = 474DDFE51A7D9A5D001E49BA /* Project object */;
}
